// !$*UTF8*$!
{
	archiveVersion = 1;
	classes = {
	};
	objectVersion = 50;
	objects = {

/* Begin PBXBuildFile section */
		A9787CD22735AEE000649850 /* MySpotCard.swift in Sources */ = {isa = PBXBuildFile; fileRef = A9787CD12735AEE000649850 /* MySpotCard.swift */; };
		A9787CD52735C84800649850 /* ListRowSeparator.swift in Sources */ = {isa = PBXBuildFile; fileRef = A9787CD42735C84800649850 /* ListRowSeparator.swift */; };
		A9787CD72735CAE000649850 /* MySpotView.swift in Sources */ = {isa = PBXBuildFile; fileRef = A9787CD62735CAE000649850 /* MySpotView.swift */; };
		A9908643273695C70059FC53 /* MapAnnotationView.swift in Sources */ = {isa = PBXBuildFile; fileRef = A9908642273695C70059FC53 /* MapAnnotationView.swift */; };
		A99086472736AEDC0059FC53 /* TextField+Underline.swift in Sources */ = {isa = PBXBuildFile; fileRef = A99086462736AEDC0059FC53 /* TextField+Underline.swift */; };
		A99086492736B7F70059FC53 /* MakeSpotAvailable.swift in Sources */ = {isa = PBXBuildFile; fileRef = A99086482736B7F70059FC53 /* MakeSpotAvailable.swift */; };
		A990864D2736CBC50059FC53 /* BorderButtonStyle.swift in Sources */ = {isa = PBXBuildFile; fileRef = A990864C2736CBC50059FC53 /* BorderButtonStyle.swift */; };
		A99086502736D1320059FC53 /* ProfileView.swift in Sources */ = {isa = PBXBuildFile; fileRef = A990864F2736D1320059FC53 /* ProfileView.swift */; };
		A99086532736E34D0059FC53 /* AddSpotView.swift in Sources */ = {isa = PBXBuildFile; fileRef = A99086522736E34D0059FC53 /* AddSpotView.swift */; };
		A99086552736EA8B0059FC53 /* LocationManager.swift in Sources */ = {isa = PBXBuildFile; fileRef = A99086542736EA8B0059FC53 /* LocationManager.swift */; };
		A99086572736F17F0059FC53 /* AddSpotViewController.swift in Sources */ = {isa = PBXBuildFile; fileRef = A99086562736F17F0059FC53 /* AddSpotViewController.swift */; };
		A9A008B62735993500247F58 /* MySpotApp.swift in Sources */ = {isa = PBXBuildFile; fileRef = A9A008B52735993500247F58 /* MySpotApp.swift */; };
		A9A008B82735993500247F58 /* ContentView.swift in Sources */ = {isa = PBXBuildFile; fileRef = A9A008B72735993500247F58 /* ContentView.swift */; };
		A9A008BA2735993A00247F58 /* Assets.xcassets in Resources */ = {isa = PBXBuildFile; fileRef = A9A008B92735993A00247F58 /* Assets.xcassets */; };
		A9A008BD2735993A00247F58 /* Preview Assets.xcassets in Resources */ = {isa = PBXBuildFile; fileRef = A9A008BC2735993A00247F58 /* Preview Assets.xcassets */; };
		A9A008BF2735993A00247F58 /* Persistence.swift in Sources */ = {isa = PBXBuildFile; fileRef = A9A008BE2735993A00247F58 /* Persistence.swift */; };
		A9A008C22735993A00247F58 /* MySpot.xcdatamodeld in Sources */ = {isa = PBXBuildFile; fileRef = A9A008C02735993A00247F58 /* MySpot.xcdatamodeld */; };
		F936867A2735A74C00203301 /* HomeView.swift in Sources */ = {isa = PBXBuildFile; fileRef = F93686792735A74C00203301 /* HomeView.swift */; };
		F936867C2735A75500203301 /* SpotsView.swift in Sources */ = {isa = PBXBuildFile; fileRef = F936867B2735A75500203301 /* SpotsView.swift */; };
		F936867E2735AE4100203301 /* ReserveView.swift in Sources */ = {isa = PBXBuildFile; fileRef = F936867D2735AE4100203301 /* ReserveView.swift */; };
		F93686812735AFDB00203301 /* TimeRangePickerView.swift in Sources */ = {isa = PBXBuildFile; fileRef = F93686802735AFDB00203301 /* TimeRangePickerView.swift */; };
		F93686832735CD6500203301 /* AccentButtonStyle.swift in Sources */ = {isa = PBXBuildFile; fileRef = F93686822735CD6500203301 /* AccentButtonStyle.swift */; };
		F93686872735D95900203301 /* ReservationRange.swift in Sources */ = {isa = PBXBuildFile; fileRef = F93686862735D95900203301 /* ReservationRange.swift */; };
		F93686892735DA0200203301 /* Date+Util.swift in Sources */ = {isa = PBXBuildFile; fileRef = F93686882735DA0200203301 /* Date+Util.swift */; };
		F936868B2735DEE300203301 /* ReservationSpotView.swift in Sources */ = {isa = PBXBuildFile; fileRef = F936868A2735DEE300203301 /* ReservationSpotView.swift */; };
		F936868E2735E94300203301 /* EarnCoinsView.swift in Sources */ = {isa = PBXBuildFile; fileRef = F936868D2735E94300203301 /* EarnCoinsView.swift */; };
		F93686902735EA3C00203301 /* Colors.swift in Sources */ = {isa = PBXBuildFile; fileRef = F936868F2735EA3C00203301 /* Colors.swift */; };
		F93686932735EF3700203301 /* FindSpotMapViewController.swift in Sources */ = {isa = PBXBuildFile; fileRef = F93686922735EF3700203301 /* FindSpotMapViewController.swift */; };
		F9368696273672CB00203301 /* SpotSearchService.swift in Sources */ = {isa = PBXBuildFile; fileRef = F9368695273672CB00203301 /* SpotSearchService.swift */; };
		F9368699273672FC00203301 /* Spot.swift in Sources */ = {isa = PBXBuildFile; fileRef = F9368698273672FC00203301 /* Spot.swift */; };
/* End PBXBuildFile section */

/* Begin PBXFileReference section */
		A9787CD12735AEE000649850 /* MySpotCard.swift */ = {isa = PBXFileReference; lastKnownFileType = sourcecode.swift; path = MySpotCard.swift; sourceTree = "<group>"; };
		A9787CD42735C84800649850 /* ListRowSeparator.swift */ = {isa = PBXFileReference; lastKnownFileType = sourcecode.swift; path = ListRowSeparator.swift; sourceTree = "<group>"; };
		A9787CD62735CAE000649850 /* MySpotView.swift */ = {isa = PBXFileReference; lastKnownFileType = sourcecode.swift; path = MySpotView.swift; sourceTree = "<group>"; };
		A9908642273695C70059FC53 /* MapAnnotationView.swift */ = {isa = PBXFileReference; lastKnownFileType = sourcecode.swift; path = MapAnnotationView.swift; sourceTree = "<group>"; };
		A99086462736AEDC0059FC53 /* TextField+Underline.swift */ = {isa = PBXFileReference; lastKnownFileType = sourcecode.swift; path = "TextField+Underline.swift"; sourceTree = "<group>"; };
		A99086482736B7F70059FC53 /* MakeSpotAvailable.swift */ = {isa = PBXFileReference; lastKnownFileType = sourcecode.swift; path = MakeSpotAvailable.swift; sourceTree = "<group>"; };
		A990864C2736CBC50059FC53 /* BorderButtonStyle.swift */ = {isa = PBXFileReference; lastKnownFileType = sourcecode.swift; path = BorderButtonStyle.swift; sourceTree = "<group>"; };
		A990864F2736D1320059FC53 /* ProfileView.swift */ = {isa = PBXFileReference; lastKnownFileType = sourcecode.swift; path = ProfileView.swift; sourceTree = "<group>"; };
		A99086522736E34D0059FC53 /* AddSpotView.swift */ = {isa = PBXFileReference; lastKnownFileType = sourcecode.swift; path = AddSpotView.swift; sourceTree = "<group>"; };
		A99086542736EA8B0059FC53 /* LocationManager.swift */ = {isa = PBXFileReference; lastKnownFileType = sourcecode.swift; path = LocationManager.swift; sourceTree = "<group>"; };
		A99086562736F17F0059FC53 /* AddSpotViewController.swift */ = {isa = PBXFileReference; lastKnownFileType = sourcecode.swift; path = AddSpotViewController.swift; sourceTree = "<group>"; };
		A9A008B22735993500247F58 /* MySpot.app */ = {isa = PBXFileReference; explicitFileType = wrapper.application; includeInIndex = 0; path = MySpot.app; sourceTree = BUILT_PRODUCTS_DIR; };
		A9A008B52735993500247F58 /* MySpotApp.swift */ = {isa = PBXFileReference; lastKnownFileType = sourcecode.swift; path = MySpotApp.swift; sourceTree = "<group>"; };
		A9A008B72735993500247F58 /* ContentView.swift */ = {isa = PBXFileReference; lastKnownFileType = sourcecode.swift; path = ContentView.swift; sourceTree = "<group>"; };
		A9A008B92735993A00247F58 /* Assets.xcassets */ = {isa = PBXFileReference; lastKnownFileType = folder.assetcatalog; path = Assets.xcassets; sourceTree = "<group>"; };
		A9A008BC2735993A00247F58 /* Preview Assets.xcassets */ = {isa = PBXFileReference; lastKnownFileType = folder.assetcatalog; path = "Preview Assets.xcassets"; sourceTree = "<group>"; };
		A9A008BE2735993A00247F58 /* Persistence.swift */ = {isa = PBXFileReference; lastKnownFileType = sourcecode.swift; path = Persistence.swift; sourceTree = "<group>"; };
		A9A008C12735993A00247F58 /* MySpot.xcdatamodel */ = {isa = PBXFileReference; lastKnownFileType = wrapper.xcdatamodel; path = MySpot.xcdatamodel; sourceTree = "<group>"; };
		A9A008C32735993A00247F58 /* Info.plist */ = {isa = PBXFileReference; lastKnownFileType = text.plist.xml; path = Info.plist; sourceTree = "<group>"; };
		F93686792735A74C00203301 /* HomeView.swift */ = {isa = PBXFileReference; lastKnownFileType = sourcecode.swift; name = HomeView.swift; path = MySpot/View/Home/HomeView.swift; sourceTree = SOURCE_ROOT; };
		F936867B2735A75500203301 /* SpotsView.swift */ = {isa = PBXFileReference; lastKnownFileType = sourcecode.swift; name = SpotsView.swift; path = MySpot/View/Spots/SpotsView.swift; sourceTree = SOURCE_ROOT; };
		F936867D2735AE4100203301 /* ReserveView.swift */ = {isa = PBXFileReference; lastKnownFileType = sourcecode.swift; name = ReserveView.swift; path = myspot/View/ReserveView.swift; sourceTree = SOURCE_ROOT; };
		F93686802735AFDB00203301 /* TimeRangePickerView.swift */ = {isa = PBXFileReference; lastKnownFileType = sourcecode.swift; name = TimeRangePickerView.swift; path = myspot/View/Components/TimeRangePickerView.swift; sourceTree = SOURCE_ROOT; };
		F93686822735CD6500203301 /* AccentButtonStyle.swift */ = {isa = PBXFileReference; lastKnownFileType = sourcecode.swift; name = AccentButtonStyle.swift; path = myspot/View/Components/AccentButtonStyle.swift; sourceTree = SOURCE_ROOT; };
		F93686862735D95900203301 /* ReservationRange.swift */ = {isa = PBXFileReference; lastKnownFileType = sourcecode.swift; name = ReservationRange.swift; path = MySpot/Data/Model/ReservationRange.swift; sourceTree = SOURCE_ROOT; };
		F93686882735DA0200203301 /* Date+Util.swift */ = {isa = PBXFileReference; lastKnownFileType = sourcecode.swift; name = "Date+Util.swift"; path = "myspot/Util/Date+Util.swift"; sourceTree = SOURCE_ROOT; };
		F936868A2735DEE300203301 /* ReservationSpotView.swift */ = {isa = PBXFileReference; lastKnownFileType = sourcecode.swift; name = ReservationSpotView.swift; path = myspot/View/Components/ReservationSpotView.swift; sourceTree = SOURCE_ROOT; };
		F936868D2735E94300203301 /* EarnCoinsView.swift */ = {isa = PBXFileReference; lastKnownFileType = sourcecode.swift; name = EarnCoinsView.swift; path = myspot/View/Home/EarnCoinsView.swift; sourceTree = SOURCE_ROOT; };
		F936868F2735EA3C00203301 /* Colors.swift */ = {isa = PBXFileReference; lastKnownFileType = sourcecode.swift; name = Colors.swift; path = myspot/Util/Colors.swift; sourceTree = SOURCE_ROOT; };
		F93686922735EF3700203301 /* FindSpotMapViewController.swift */ = {isa = PBXFileReference; lastKnownFileType = sourcecode.swift; name = FindSpotMapViewController.swift; path = myspot/View/Map/FindSpotMapViewController.swift; sourceTree = SOURCE_ROOT; };
		F9368695273672CB00203301 /* SpotSearchService.swift */ = {isa = PBXFileReference; lastKnownFileType = sourcecode.swift; name = SpotSearchService.swift; path = myspot/Data/Service/SpotSearchService.swift; sourceTree = SOURCE_ROOT; };
		F9368698273672FC00203301 /* Spot.swift */ = {isa = PBXFileReference; lastKnownFileType = sourcecode.swift; name = Spot.swift; path = myspot/Data/Model/Spot.swift; sourceTree = SOURCE_ROOT; };
/* End PBXFileReference section */

/* Begin PBXFrameworksBuildPhase section */
		A9A008AF2735993500247F58 /* Frameworks */ = {
			isa = PBXFrameworksBuildPhase;
			buildActionMask = 2147483647;
			files = (
			);
			runOnlyForDeploymentPostprocessing = 0;
		};
/* End PBXFrameworksBuildPhase section */

/* Begin PBXGroup section */
		A9787CD32735C83C00649850 /* Modifiers */ = {
			isa = PBXGroup;
			children = (
				A9787CD42735C84800649850 /* ListRowSeparator.swift */,
			);
			path = Modifiers;
			sourceTree = "<group>";
		};
		A99086442736A2D40059FC53 /* Spots */ = {
			isa = PBXGroup;
			children = (
				F936867B2735A75500203301 /* SpotsView.swift */,
				A9787CD62735CAE000649850 /* MySpotView.swift */,
				A9787CD12735AEE000649850 /* MySpotCard.swift */,
				A99086482736B7F70059FC53 /* MakeSpotAvailable.swift */,
			);
			path = Spots;
			sourceTree = "<group>";
		};
		A99086452736AECA0059FC53 /* Extensions */ = {
			isa = PBXGroup;
			children = (
				A99086462736AEDC0059FC53 /* TextField+Underline.swift */,
			);
			path = Extensions;
			sourceTree = "<group>";
		};
		A990864E2736D0E60059FC53 /* Profile */ = {
			isa = PBXGroup;
			children = (
				A990864F2736D1320059FC53 /* ProfileView.swift */,
			);
			path = Profile;
			sourceTree = "<group>";
		};
		A99086512736E3410059FC53 /* Add Spot */ = {
			isa = PBXGroup;
			children = (
				A99086522736E34D0059FC53 /* AddSpotView.swift */,
			);
			path = "Add Spot";
			sourceTree = "<group>";
		};
		A9A008A92735993500247F58 = {
			isa = PBXGroup;
			children = (
				A9A008B42735993500247F58 /* MySpot */,
				A9A008B32735993500247F58 /* Products */,
			);
			sourceTree = "<group>";
		};
		A9A008B32735993500247F58 /* Products */ = {
			isa = PBXGroup;
			children = (
				A9A008B22735993500247F58 /* MySpot.app */,
			);
			name = Products;
			sourceTree = "<group>";
		};
		A9A008B42735993500247F58 /* MySpot */ = {
			isa = PBXGroup;
			children = (
				A99086452736AECA0059FC53 /* Extensions */,
				A9787CD32735C83C00649850 /* Modifiers */,
				F93686852735D93F00203301 /* Data */,
				F93686842735D93500203301 /* Util */,
				F93686782735A73F00203301 /* View */,
				A9A008B52735993500247F58 /* MySpotApp.swift */,
				A9A008B92735993A00247F58 /* Assets.xcassets */,
				A9A008BE2735993A00247F58 /* Persistence.swift */,
				A9A008C32735993A00247F58 /* Info.plist */,
				A9A008C02735993A00247F58 /* MySpot.xcdatamodeld */,
				A9A008BB2735993A00247F58 /* Preview Content */,
			);
			path = MySpot;
			sourceTree = "<group>";
		};
		A9A008BB2735993A00247F58 /* Preview Content */ = {
			isa = PBXGroup;
			children = (
				A9A008BC2735993A00247F58 /* Preview Assets.xcassets */,
			);
			path = "Preview Content";
			sourceTree = "<group>";
		};
		F93686782735A73F00203301 /* View */ = {
			isa = PBXGroup;
			children = (
				A99086512736E3410059FC53 /* Add Spot */,
				A990864E2736D0E60059FC53 /* Profile */,
				A99086442736A2D40059FC53 /* Spots */,
				F93686912735EF1900203301 /* Map */,
				F936868C2735E93200203301 /* Home */,
				F936867F2735AFCD00203301 /* Components */,
				A9A008B72735993500247F58 /* ContentView.swift */,
				F936867D2735AE4100203301 /* ReserveView.swift */,
			);
			path = View;
			sourceTree = "<group>";
		};
		F936867F2735AFCD00203301 /* Components */ = {
			isa = PBXGroup;
			children = (
				F93686802735AFDB00203301 /* TimeRangePickerView.swift */,
				F93686822735CD6500203301 /* AccentButtonStyle.swift */,
				F936868A2735DEE300203301 /* ReservationSpotView.swift */,
				A9908642273695C70059FC53 /* MapAnnotationView.swift */,
				A990864C2736CBC50059FC53 /* BorderButtonStyle.swift */,
			);
			path = Components;
			sourceTree = "<group>";
		};
		F93686842735D93500203301 /* Util */ = {
			isa = PBXGroup;
			children = (
				F93686882735DA0200203301 /* Date+Util.swift */,
				F936868F2735EA3C00203301 /* Colors.swift */,
				A99086542736EA8B0059FC53 /* LocationManager.swift */,
			);
			path = Util;
			sourceTree = "<group>";
		};
		F93686852735D93F00203301 /* Data */ = {
			isa = PBXGroup;
			children = (
				F9368697273672EF00203301 /* Model */,
				F9368694273672B500203301 /* Service */,
			);
			path = Data;
			sourceTree = "<group>";
		};
		F936868C2735E93200203301 /* Home */ = {
			isa = PBXGroup;
			children = (
				F93686792735A74C00203301 /* HomeView.swift */,
				F936868D2735E94300203301 /* EarnCoinsView.swift */,
			);
			path = Home;
			sourceTree = "<group>";
		};
		F93686912735EF1900203301 /* Map */ = {
			isa = PBXGroup;
			children = (
				F93686922735EF3700203301 /* FindSpotMapViewController.swift */,
				A99086562736F17F0059FC53 /* AddSpotViewController.swift */,
			);
			path = Map;
			sourceTree = "<group>";
		};
		F9368694273672B500203301 /* Service */ = {
			isa = PBXGroup;
			children = (
				F9368695273672CB00203301 /* SpotSearchService.swift */,
			);
			path = Service;
			sourceTree = "<group>";
		};
		F9368697273672EF00203301 /* Model */ = {
			isa = PBXGroup;
			children = (
				F93686862735D95900203301 /* ReservationRange.swift */,
				F9368698273672FC00203301 /* Spot.swift */,
			);
			path = Model;
			sourceTree = "<group>";
		};
/* End PBXGroup section */

/* Begin PBXNativeTarget section */
		A9A008B12735993500247F58 /* MySpot */ = {
			isa = PBXNativeTarget;
			buildConfigurationList = A9A008C62735993A00247F58 /* Build configuration list for PBXNativeTarget "MySpot" */;
			buildPhases = (
				A9A008AE2735993500247F58 /* Sources */,
				A9A008AF2735993500247F58 /* Frameworks */,
				A9A008B02735993500247F58 /* Resources */,
			);
			buildRules = (
			);
			dependencies = (
			);
			name = MySpot;
			productName = MySpot;
			productReference = A9A008B22735993500247F58 /* MySpot.app */;
			productType = "com.apple.product-type.application";
		};
/* End PBXNativeTarget section */

/* Begin PBXProject section */
		A9A008AA2735993500247F58 /* Project object */ = {
			isa = PBXProject;
			attributes = {
				LastSwiftUpdateCheck = 1250;
				LastUpgradeCheck = 1250;
				TargetAttributes = {
					A9A008B12735993500247F58 = {
						CreatedOnToolsVersion = 12.5;
					};
				};
			};
			buildConfigurationList = A9A008AD2735993500247F58 /* Build configuration list for PBXProject "MySpot" */;
			compatibilityVersion = "Xcode 9.3";
			developmentRegion = en;
			hasScannedForEncodings = 0;
			knownRegions = (
				en,
				Base,
			);
			mainGroup = A9A008A92735993500247F58;
			productRefGroup = A9A008B32735993500247F58 /* Products */;
			projectDirPath = "";
			projectRoot = "";
			targets = (
				A9A008B12735993500247F58 /* MySpot */,
			);
		};
/* End PBXProject section */

/* Begin PBXResourcesBuildPhase section */
		A9A008B02735993500247F58 /* Resources */ = {
			isa = PBXResourcesBuildPhase;
			buildActionMask = 2147483647;
			files = (
				A9A008BD2735993A00247F58 /* Preview Assets.xcassets in Resources */,
				A9A008BA2735993A00247F58 /* Assets.xcassets in Resources */,
			);
			runOnlyForDeploymentPostprocessing = 0;
		};
/* End PBXResourcesBuildPhase section */

/* Begin PBXSourcesBuildPhase section */
		A9A008AE2735993500247F58 /* Sources */ = {
			isa = PBXSourcesBuildPhase;
			buildActionMask = 2147483647;
			files = (
				F93686872735D95900203301 /* ReservationRange.swift in Sources */,
				A9A008BF2735993A00247F58 /* Persistence.swift in Sources */,
				A9787CD22735AEE000649850 /* MySpotCard.swift in Sources */,
				A99086492736B7F70059FC53 /* MakeSpotAvailable.swift in Sources */,
				F9368699273672FC00203301 /* Spot.swift in Sources */,
				A9A008B82735993500247F58 /* ContentView.swift in Sources */,
				A9787CD72735CAE000649850 /* MySpotView.swift in Sources */,
				A99086502736D1320059FC53 /* ProfileView.swift in Sources */,
				F93686902735EA3C00203301 /* Colors.swift in Sources */,
				F936868B2735DEE300203301 /* ReservationSpotView.swift in Sources */,
				F93686812735AFDB00203301 /* TimeRangePickerView.swift in Sources */,
				F936868E2735E94300203301 /* EarnCoinsView.swift in Sources */,
				F93686892735DA0200203301 /* Date+Util.swift in Sources */,
				F936867E2735AE4100203301 /* ReserveView.swift in Sources */,
				A99086532736E34D0059FC53 /* AddSpotView.swift in Sources */,
				A990864D2736CBC50059FC53 /* BorderButtonStyle.swift in Sources */,
				A9908643273695C70059FC53 /* MapAnnotationView.swift in Sources */,
				A9A008B62735993500247F58 /* MySpotApp.swift in Sources */,
				F936867A2735A74C00203301 /* HomeView.swift in Sources */,
				A9787CD52735C84800649850 /* ListRowSeparator.swift in Sources */,
				F936867C2735A75500203301 /* SpotsView.swift in Sources */,
				F93686932735EF3700203301 /* FindSpotMapViewController.swift in Sources */,
				F93686832735CD6500203301 /* AccentButtonStyle.swift in Sources */,
				A99086472736AEDC0059FC53 /* TextField+Underline.swift in Sources */,
				A99086572736F17F0059FC53 /* AddSpotViewController.swift in Sources */,
				A9A008C22735993A00247F58 /* MySpot.xcdatamodeld in Sources */,
				F9368696273672CB00203301 /* SpotSearchService.swift in Sources */,
				A99086552736EA8B0059FC53 /* LocationManager.swift in Sources */,
			);
			runOnlyForDeploymentPostprocessing = 0;
		};
/* End PBXSourcesBuildPhase section */

/* Begin XCBuildConfiguration section */
		A9A008C42735993A00247F58 /* Debug */ = {
			isa = XCBuildConfiguration;
			buildSettings = {
				ALWAYS_SEARCH_USER_PATHS = NO;
				CLANG_ANALYZER_NONNULL = YES;
				CLANG_ANALYZER_NUMBER_OBJECT_CONVERSION = YES_AGGRESSIVE;
				CLANG_CXX_LANGUAGE_STANDARD = "gnu++14";
				CLANG_CXX_LIBRARY = "libc++";
				CLANG_ENABLE_MODULES = YES;
				CLANG_ENABLE_OBJC_ARC = YES;
				CLANG_ENABLE_OBJC_WEAK = YES;
				CLANG_WARN_BLOCK_CAPTURE_AUTORELEASING = YES;
				CLANG_WARN_BOOL_CONVERSION = YES;
				CLANG_WARN_COMMA = YES;
				CLANG_WARN_CONSTANT_CONVERSION = YES;
				CLANG_WARN_DEPRECATED_OBJC_IMPLEMENTATIONS = YES;
				CLANG_WARN_DIRECT_OBJC_ISA_USAGE = YES_ERROR;
				CLANG_WARN_DOCUMENTATION_COMMENTS = YES;
				CLANG_WARN_EMPTY_BODY = YES;
				CLANG_WARN_ENUM_CONVERSION = YES;
				CLANG_WARN_INFINITE_RECURSION = YES;
				CLANG_WARN_INT_CONVERSION = YES;
				CLANG_WARN_NON_LITERAL_NULL_CONVERSION = YES;
				CLANG_WARN_OBJC_IMPLICIT_RETAIN_SELF = YES;
				CLANG_WARN_OBJC_LITERAL_CONVERSION = YES;
				CLANG_WARN_OBJC_ROOT_CLASS = YES_ERROR;
				CLANG_WARN_QUOTED_INCLUDE_IN_FRAMEWORK_HEADER = YES;
				CLANG_WARN_RANGE_LOOP_ANALYSIS = YES;
				CLANG_WARN_STRICT_PROTOTYPES = YES;
				CLANG_WARN_SUSPICIOUS_MOVE = YES;
				CLANG_WARN_UNGUARDED_AVAILABILITY = YES_AGGRESSIVE;
				CLANG_WARN_UNREACHABLE_CODE = YES;
				CLANG_WARN__DUPLICATE_METHOD_MATCH = YES;
				COPY_PHASE_STRIP = NO;
				DEBUG_INFORMATION_FORMAT = dwarf;
				ENABLE_STRICT_OBJC_MSGSEND = YES;
				ENABLE_TESTABILITY = YES;
				GCC_C_LANGUAGE_STANDARD = gnu11;
				GCC_DYNAMIC_NO_PIC = NO;
				GCC_NO_COMMON_BLOCKS = YES;
				GCC_OPTIMIZATION_LEVEL = 0;
				GCC_PREPROCESSOR_DEFINITIONS = (
					"DEBUG=1",
					"$(inherited)",
				);
				GCC_WARN_64_TO_32_BIT_CONVERSION = YES;
				GCC_WARN_ABOUT_RETURN_TYPE = YES_ERROR;
				GCC_WARN_UNDECLARED_SELECTOR = YES;
				GCC_WARN_UNINITIALIZED_AUTOS = YES_AGGRESSIVE;
				GCC_WARN_UNUSED_FUNCTION = YES;
				GCC_WARN_UNUSED_VARIABLE = YES;
				IPHONEOS_DEPLOYMENT_TARGET = 14.5;
				MTL_ENABLE_DEBUG_INFO = INCLUDE_SOURCE;
				MTL_FAST_MATH = YES;
				ONLY_ACTIVE_ARCH = YES;
				SDKROOT = iphoneos;
				SWIFT_ACTIVE_COMPILATION_CONDITIONS = DEBUG;
				SWIFT_OPTIMIZATION_LEVEL = "-Onone";
			};
			name = Debug;
		};
		A9A008C52735993A00247F58 /* Release */ = {
			isa = XCBuildConfiguration;
			buildSettings = {
				ALWAYS_SEARCH_USER_PATHS = NO;
				CLANG_ANALYZER_NONNULL = YES;
				CLANG_ANALYZER_NUMBER_OBJECT_CONVERSION = YES_AGGRESSIVE;
				CLANG_CXX_LANGUAGE_STANDARD = "gnu++14";
				CLANG_CXX_LIBRARY = "libc++";
				CLANG_ENABLE_MODULES = YES;
				CLANG_ENABLE_OBJC_ARC = YES;
				CLANG_ENABLE_OBJC_WEAK = YES;
				CLANG_WARN_BLOCK_CAPTURE_AUTORELEASING = YES;
				CLANG_WARN_BOOL_CONVERSION = YES;
				CLANG_WARN_COMMA = YES;
				CLANG_WARN_CONSTANT_CONVERSION = YES;
				CLANG_WARN_DEPRECATED_OBJC_IMPLEMENTATIONS = YES;
				CLANG_WARN_DIRECT_OBJC_ISA_USAGE = YES_ERROR;
				CLANG_WARN_DOCUMENTATION_COMMENTS = YES;
				CLANG_WARN_EMPTY_BODY = YES;
				CLANG_WARN_ENUM_CONVERSION = YES;
				CLANG_WARN_INFINITE_RECURSION = YES;
				CLANG_WARN_INT_CONVERSION = YES;
				CLANG_WARN_NON_LITERAL_NULL_CONVERSION = YES;
				CLANG_WARN_OBJC_IMPLICIT_RETAIN_SELF = YES;
				CLANG_WARN_OBJC_LITERAL_CONVERSION = YES;
				CLANG_WARN_OBJC_ROOT_CLASS = YES_ERROR;
				CLANG_WARN_QUOTED_INCLUDE_IN_FRAMEWORK_HEADER = YES;
				CLANG_WARN_RANGE_LOOP_ANALYSIS = YES;
				CLANG_WARN_STRICT_PROTOTYPES = YES;
				CLANG_WARN_SUSPICIOUS_MOVE = YES;
				CLANG_WARN_UNGUARDED_AVAILABILITY = YES_AGGRESSIVE;
				CLANG_WARN_UNREACHABLE_CODE = YES;
				CLANG_WARN__DUPLICATE_METHOD_MATCH = YES;
				COPY_PHASE_STRIP = NO;
				DEBUG_INFORMATION_FORMAT = "dwarf-with-dsym";
				ENABLE_NS_ASSERTIONS = NO;
				ENABLE_STRICT_OBJC_MSGSEND = YES;
				GCC_C_LANGUAGE_STANDARD = gnu11;
				GCC_NO_COMMON_BLOCKS = YES;
				GCC_WARN_64_TO_32_BIT_CONVERSION = YES;
				GCC_WARN_ABOUT_RETURN_TYPE = YES_ERROR;
				GCC_WARN_UNDECLARED_SELECTOR = YES;
				GCC_WARN_UNINITIALIZED_AUTOS = YES_AGGRESSIVE;
				GCC_WARN_UNUSED_FUNCTION = YES;
				GCC_WARN_UNUSED_VARIABLE = YES;
				IPHONEOS_DEPLOYMENT_TARGET = 14.5;
				MTL_ENABLE_DEBUG_INFO = NO;
				MTL_FAST_MATH = YES;
				SDKROOT = iphoneos;
				SWIFT_COMPILATION_MODE = wholemodule;
				SWIFT_OPTIMIZATION_LEVEL = "-O";
				VALIDATE_PRODUCT = YES;
			};
			name = Release;
		};
		A9A008C72735993A00247F58 /* Debug */ = {
			isa = XCBuildConfiguration;
			buildSettings = {
				ASSETCATALOG_COMPILER_APPICON_NAME = AppIcon;
				ASSETCATALOG_COMPILER_GLOBAL_ACCENT_COLOR_NAME = AccentColor;
				CODE_SIGN_STYLE = Automatic;
				DEVELOPMENT_ASSET_PATHS = "\"MySpot/Preview Content\"";
				DEVELOPMENT_TEAM = Y6P2NYW2G8;
				ENABLE_PREVIEWS = YES;
				INFOPLIST_FILE = MySpot/Info.plist;
				IPHONEOS_DEPLOYMENT_TARGET = 14.0;
				LD_RUNPATH_SEARCH_PATHS = (
					"$(inherited)",
					"@executable_path/Frameworks",
				);
				PRODUCT_BUNDLE_IDENTIFIER = kati.SwiftUIJam.MySpot;
				PRODUCT_NAME = "$(TARGET_NAME)";
				SWIFT_VERSION = 5.0;
				TARGETED_DEVICE_FAMILY = "1,2";
			};
			name = Debug;
		};
		A9A008C82735993A00247F58 /* Release */ = {
			isa = XCBuildConfiguration;
			buildSettings = {
				ASSETCATALOG_COMPILER_APPICON_NAME = AppIcon;
				ASSETCATALOG_COMPILER_GLOBAL_ACCENT_COLOR_NAME = AccentColor;
				CODE_SIGN_STYLE = Automatic;
				DEVELOPMENT_ASSET_PATHS = "\"MySpot/Preview Content\"";
				DEVELOPMENT_TEAM = Y6P2NYW2G8;
				ENABLE_PREVIEWS = YES;
				INFOPLIST_FILE = MySpot/Info.plist;
				IPHONEOS_DEPLOYMENT_TARGET = 14.0;
				LD_RUNPATH_SEARCH_PATHS = (
					"$(inherited)",
					"@executable_path/Frameworks",
				);
				PRODUCT_BUNDLE_IDENTIFIER = kati.SwiftUIJam.MySpot;
				PRODUCT_NAME = "$(TARGET_NAME)";
				SWIFT_VERSION = 5.0;
				TARGETED_DEVICE_FAMILY = "1,2";
			};
			name = Release;
		};
/* End XCBuildConfiguration section */

/* Begin XCConfigurationList section */
		A9A008AD2735993500247F58 /* Build configuration list for PBXProject "MySpot" */ = {
			isa = XCConfigurationList;
			buildConfigurations = (
				A9A008C42735993A00247F58 /* Debug */,
				A9A008C52735993A00247F58 /* Release */,
			);
			defaultConfigurationIsVisible = 0;
			defaultConfigurationName = Release;
		};
		A9A008C62735993A00247F58 /* Build configuration list for PBXNativeTarget "MySpot" */ = {
			isa = XCConfigurationList;
			buildConfigurations = (
				A9A008C72735993A00247F58 /* Debug */,
				A9A008C82735993A00247F58 /* Release */,
			);
			defaultConfigurationIsVisible = 0;
			defaultConfigurationName = Release;
		};
/* End XCConfigurationList section */

/* Begin XCVersionGroup section */
		A9A008C02735993A00247F58 /* MySpot.xcdatamodeld */ = {
			isa = XCVersionGroup;
			children = (
				A9A008C12735993A00247F58 /* MySpot.xcdatamodel */,
			);
			currentVersion = A9A008C12735993A00247F58 /* MySpot.xcdatamodel */;
			path = MySpot.xcdatamodeld;
			sourceTree = "<group>";
			versionGroupType = wrapper.xcdatamodel;
		};
/* End XCVersionGroup section */
	};
	rootObject = A9A008AA2735993500247F58 /* Project object */;
}
